{
  "requires": true,
  "lockfileVersion": 1,
  "dependencies": {
    "logrocket": {
      "version": "0.6.19",
      "resolved": "https://registry.npmjs.org/logrocket/-/logrocket-0.6.19.tgz",
      "integrity": "sha512-awRidM5W/hYnkezpSG4gpX0O0izioWItn7ExmLfMGg3/4WGbDRBW91HPlv1hHItB9eou68qrIDlEqNlvZYi1dQ=="
    }
  }
}
